// !$*UTF8*$!
{
	archiveVersion = 1;
	classes = {
	};
	objectVersion = 55;
	objects = {

/* Begin PBXBuildFile section */
		BF34BD9B28D2E72B00F9236A /* BadgeBackground.swift in Sources */ = {isa = PBXBuildFile; fileRef = BF34BD9A28D2E72B00F9236A /* BadgeBackground.swift */; };
		BF34BD9D28D2F07800F9236A /* BadgeSymbol.swift in Sources */ = {isa = PBXBuildFile; fileRef = BF34BD9C28D2F07800F9236A /* BadgeSymbol.swift */; };
		BF34BD9F28D2F5C900F9236A /* RotatedBadgeSymbol.swift in Sources */ = {isa = PBXBuildFile; fileRef = BF34BD9E28D2F5C900F9236A /* RotatedBadgeSymbol.swift */; };
		BF34BDA128D3027E00F9236A /* Badge.swift in Sources */ = {isa = PBXBuildFile; fileRef = BF34BDA028D3027E00F9236A /* Badge.swift */; };
		BF34BDA428D32E2600F9236A /* hikeData.json in Resources */ = {isa = PBXBuildFile; fileRef = BF34BDA328D32E2600F9236A /* hikeData.json */; };
		BF34BDA628D32E4A00F9236A /* Hike.swift in Sources */ = {isa = PBXBuildFile; fileRef = BF34BDA528D32E4A00F9236A /* Hike.swift */; };
		BF34BDAC28D3319100F9236A /* GraphCapsule.swift in Sources */ = {isa = PBXBuildFile; fileRef = BF34BDA828D3319100F9236A /* GraphCapsule.swift */; };
		BF34BDAD28D3319100F9236A /* HikeGraph.swift in Sources */ = {isa = PBXBuildFile; fileRef = BF34BDA928D3319100F9236A /* HikeGraph.swift */; };
		BF34BDAE28D3319100F9236A /* HikeDetail.swift in Sources */ = {isa = PBXBuildFile; fileRef = BF34BDAA28D3319100F9236A /* HikeDetail.swift */; };
		BF34BDAF28D3319100F9236A /* HikeView.swift in Sources */ = {isa = PBXBuildFile; fileRef = BF34BDAB28D3319100F9236A /* HikeView.swift */; };
		BF5430E528D0373F00C43338 /* LandmarksApp.swift in Sources */ = {isa = PBXBuildFile; fileRef = BF5430E428D0373F00C43338 /* LandmarksApp.swift */; };
		BF5430E728D0373F00C43338 /* ContentView.swift in Sources */ = {isa = PBXBuildFile; fileRef = BF5430E628D0373F00C43338 /* ContentView.swift */; };
		BF5430E928D0374100C43338 /* Assets.xcassets in Resources */ = {isa = PBXBuildFile; fileRef = BF5430E828D0374100C43338 /* Assets.xcassets */; };
		BF5430EC28D0374100C43338 /* Preview Assets.xcassets in Resources */ = {isa = PBXBuildFile; fileRef = BF5430EB28D0374100C43338 /* Preview Assets.xcassets */; };
		BF5430F328D03B3A00C43338 /* CircleImage.swift in Sources */ = {isa = PBXBuildFile; fileRef = BF5430F228D03B3A00C43338 /* CircleImage.swift */; };
		BF5430F728D0430800C43338 /* MapView.swift in Sources */ = {isa = PBXBuildFile; fileRef = BF5430F628D0430800C43338 /* MapView.swift */; };
		BF90035E28D445CC002CA5C7 /* CategoryHome.swift in Sources */ = {isa = PBXBuildFile; fileRef = BF90035D28D445CC002CA5C7 /* CategoryHome.swift */; };
		BF90036028D44771002CA5C7 /* CategoryRow.swift in Sources */ = {isa = PBXBuildFile; fileRef = BF90035F28D44771002CA5C7 /* CategoryRow.swift */; };
		BF90036228D448AA002CA5C7 /* CategoryItem.swift in Sources */ = {isa = PBXBuildFile; fileRef = BF90036128D448AA002CA5C7 /* CategoryItem.swift */; };
		BF90036728D451C3002CA5C7 /* Profile.swift in Sources */ = {isa = PBXBuildFile; fileRef = BF90036628D451C3002CA5C7 /* Profile.swift */; };
		BF90036928D451DA002CA5C7 /* ProfileHost.swift in Sources */ = {isa = PBXBuildFile; fileRef = BF90036828D451DA002CA5C7 /* ProfileHost.swift */; };
		BF90036B28D45232002CA5C7 /* ProfileSummary.swift in Sources */ = {isa = PBXBuildFile; fileRef = BF90036A28D45232002CA5C7 /* ProfileSummary.swift */; };
		BF90036D28D45330002CA5C7 /* HikeBadge.swift in Sources */ = {isa = PBXBuildFile; fileRef = BF90036C28D45330002CA5C7 /* HikeBadge.swift */; };
		BF90036F28D47B78002CA5C7 /* ProfileEditor.swift in Sources */ = {isa = PBXBuildFile; fileRef = BF90036E28D47B78002CA5C7 /* ProfileEditor.swift */; };
		BF90037528D48208002CA5C7 /* PageViewController.swift in Sources */ = {isa = PBXBuildFile; fileRef = BF90037428D48208002CA5C7 /* PageViewController.swift */; };
		BF90037728D4842C002CA5C7 /* FeatureCard.swift in Sources */ = {isa = PBXBuildFile; fileRef = BF90037628D4842C002CA5C7 /* FeatureCard.swift */; };
		BF90037928D48671002CA5C7 /* PageView.swift in Sources */ = {isa = PBXBuildFile; fileRef = BF90037828D48671002CA5C7 /* PageView.swift */; };
		BF9C213928D052030037A08F /* Landmark.swift in Sources */ = {isa = PBXBuildFile; fileRef = BF9C213828D052030037A08F /* Landmark.swift */; };
		BF9C213B28D15D3B0037A08F /* ModelData.swift in Sources */ = {isa = PBXBuildFile; fileRef = BF9C213A28D15D3B0037A08F /* ModelData.swift */; };
		BF9C215028D15F0A0037A08F /* landmarkData.json in Resources */ = {isa = PBXBuildFile; fileRef = BF9C214728D15F0A0037A08F /* landmarkData.json */; };
		BF9C215228D1604A0037A08F /* LandmarkRow.swift in Sources */ = {isa = PBXBuildFile; fileRef = BF9C215128D1604A0037A08F /* LandmarkRow.swift */; };
		BF9C215628D162170037A08F /* LandmarkList.swift in Sources */ = {isa = PBXBuildFile; fileRef = BF9C215528D162170037A08F /* LandmarkList.swift */; };
		BF9C215828D1630D0037A08F /* LandmarkDetail.swift in Sources */ = {isa = PBXBuildFile; fileRef = BF9C215728D1630D0037A08F /* LandmarkDetail.swift */; };
		BF9C215A28D1A99B0037A08F /* FavoriteButton.swift in Sources */ = {isa = PBXBuildFile; fileRef = BF9C215928D1A99B0037A08F /* FavoriteButton.swift */; };
		BF9C216828D2C56E0037A08F /* HexagonParameters.swift in Sources */ = {isa = PBXBuildFile; fileRef = BF9C216728D2C56E0037A08F /* HexagonParameters.swift */; };
/* End PBXBuildFile section */

/* Begin PBXFileReference section */
		BF34BD9A28D2E72B00F9236A /* BadgeBackground.swift */ = {isa = PBXFileReference; lastKnownFileType = sourcecode.swift; path = BadgeBackground.swift; sourceTree = "<group>"; };
		BF34BD9C28D2F07800F9236A /* BadgeSymbol.swift */ = {isa = PBXFileReference; lastKnownFileType = sourcecode.swift; path = BadgeSymbol.swift; sourceTree = "<group>"; };
		BF34BD9E28D2F5C900F9236A /* RotatedBadgeSymbol.swift */ = {isa = PBXFileReference; lastKnownFileType = sourcecode.swift; path = RotatedBadgeSymbol.swift; sourceTree = "<group>"; };
		BF34BDA028D3027E00F9236A /* Badge.swift */ = {isa = PBXFileReference; lastKnownFileType = sourcecode.swift; path = Badge.swift; sourceTree = "<group>"; };
		BF34BDA328D32E2600F9236A /* hikeData.json */ = {isa = PBXFileReference; fileEncoding = 4; lastKnownFileType = text.json; path = hikeData.json; sourceTree = "<group>"; };
		BF34BDA528D32E4A00F9236A /* Hike.swift */ = {isa = PBXFileReference; lastKnownFileType = sourcecode.swift; path = Hike.swift; sourceTree = "<group>"; };
		BF34BDA828D3319100F9236A /* GraphCapsule.swift */ = {isa = PBXFileReference; fileEncoding = 4; lastKnownFileType = sourcecode.swift; path = GraphCapsule.swift; sourceTree = "<group>"; };
		BF34BDA928D3319100F9236A /* HikeGraph.swift */ = {isa = PBXFileReference; fileEncoding = 4; lastKnownFileType = sourcecode.swift; path = HikeGraph.swift; sourceTree = "<group>"; };
		BF34BDAA28D3319100F9236A /* HikeDetail.swift */ = {isa = PBXFileReference; fileEncoding = 4; lastKnownFileType = sourcecode.swift; path = HikeDetail.swift; sourceTree = "<group>"; };
		BF34BDAB28D3319100F9236A /* HikeView.swift */ = {isa = PBXFileReference; fileEncoding = 4; lastKnownFileType = sourcecode.swift; path = HikeView.swift; sourceTree = "<group>"; };
		BF5430E128D0373F00C43338 /* Landmarks.app */ = {isa = PBXFileReference; explicitFileType = wrapper.application; includeInIndex = 0; path = Landmarks.app; sourceTree = BUILT_PRODUCTS_DIR; };
		BF5430E428D0373F00C43338 /* LandmarksApp.swift */ = {isa = PBXFileReference; lastKnownFileType = sourcecode.swift; path = LandmarksApp.swift; sourceTree = "<group>"; };
		BF5430E628D0373F00C43338 /* ContentView.swift */ = {isa = PBXFileReference; lastKnownFileType = sourcecode.swift; path = ContentView.swift; sourceTree = "<group>"; };
		BF5430E828D0374100C43338 /* Assets.xcassets */ = {isa = PBXFileReference; lastKnownFileType = folder.assetcatalog; path = Assets.xcassets; sourceTree = "<group>"; };
		BF5430EB28D0374100C43338 /* Preview Assets.xcassets */ = {isa = PBXFileReference; lastKnownFileType = folder.assetcatalog; path = "Preview Assets.xcassets"; sourceTree = "<group>"; };
		BF5430F228D03B3A00C43338 /* CircleImage.swift */ = {isa = PBXFileReference; lastKnownFileType = sourcecode.swift; path = CircleImage.swift; sourceTree = "<group>"; };
		BF5430F628D0430800C43338 /* MapView.swift */ = {isa = PBXFileReference; lastKnownFileType = sourcecode.swift; path = MapView.swift; sourceTree = "<group>"; };
		BF90035D28D445CC002CA5C7 /* CategoryHome.swift */ = {isa = PBXFileReference; lastKnownFileType = sourcecode.swift; path = CategoryHome.swift; sourceTree = "<group>"; };
		BF90035F28D44771002CA5C7 /* CategoryRow.swift */ = {isa = PBXFileReference; lastKnownFileType = sourcecode.swift; path = CategoryRow.swift; sourceTree = "<group>"; };
		BF90036128D448AA002CA5C7 /* CategoryItem.swift */ = {isa = PBXFileReference; lastKnownFileType = sourcecode.swift; path = CategoryItem.swift; sourceTree = "<group>"; };
		BF90036628D451C3002CA5C7 /* Profile.swift */ = {isa = PBXFileReference; lastKnownFileType = sourcecode.swift; path = Profile.swift; sourceTree = "<group>"; };
		BF90036828D451DA002CA5C7 /* ProfileHost.swift */ = {isa = PBXFileReference; lastKnownFileType = sourcecode.swift; path = ProfileHost.swift; sourceTree = "<group>"; };
		BF90036A28D45232002CA5C7 /* ProfileSummary.swift */ = {isa = PBXFileReference; lastKnownFileType = sourcecode.swift; path = ProfileSummary.swift; sourceTree = "<group>"; };
		BF90036C28D45330002CA5C7 /* HikeBadge.swift */ = {isa = PBXFileReference; lastKnownFileType = sourcecode.swift; path = HikeBadge.swift; sourceTree = "<group>"; };
		BF90036E28D47B78002CA5C7 /* ProfileEditor.swift */ = {isa = PBXFileReference; lastKnownFileType = sourcecode.swift; path = ProfileEditor.swift; sourceTree = "<group>"; };
		BF90037428D48208002CA5C7 /* PageViewController.swift */ = {isa = PBXFileReference; lastKnownFileType = sourcecode.swift; path = PageViewController.swift; sourceTree = "<group>"; };
		BF90037628D4842C002CA5C7 /* FeatureCard.swift */ = {isa = PBXFileReference; lastKnownFileType = sourcecode.swift; path = FeatureCard.swift; sourceTree = "<group>"; };
		BF90037828D48671002CA5C7 /* PageView.swift */ = {isa = PBXFileReference; lastKnownFileType = sourcecode.swift; path = PageView.swift; sourceTree = "<group>"; };
		BF9C213828D052030037A08F /* Landmark.swift */ = {isa = PBXFileReference; lastKnownFileType = sourcecode.swift; path = Landmark.swift; sourceTree = "<group>"; };
		BF9C213A28D15D3B0037A08F /* ModelData.swift */ = {isa = PBXFileReference; lastKnownFileType = sourcecode.swift; path = ModelData.swift; sourceTree = "<group>"; };
		BF9C214728D15F0A0037A08F /* landmarkData.json */ = {isa = PBXFileReference; fileEncoding = 4; lastKnownFileType = text.json; path = landmarkData.json; sourceTree = "<group>"; };
		BF9C215128D1604A0037A08F /* LandmarkRow.swift */ = {isa = PBXFileReference; lastKnownFileType = sourcecode.swift; path = LandmarkRow.swift; sourceTree = "<group>"; };
		BF9C215528D162170037A08F /* LandmarkList.swift */ = {isa = PBXFileReference; lastKnownFileType = sourcecode.swift; path = LandmarkList.swift; sourceTree = "<group>"; };
		BF9C215728D1630D0037A08F /* LandmarkDetail.swift */ = {isa = PBXFileReference; lastKnownFileType = sourcecode.swift; path = LandmarkDetail.swift; sourceTree = "<group>"; };
		BF9C215928D1A99B0037A08F /* FavoriteButton.swift */ = {isa = PBXFileReference; lastKnownFileType = sourcecode.swift; path = FavoriteButton.swift; sourceTree = "<group>"; };
		BF9C216728D2C56E0037A08F /* HexagonParameters.swift */ = {isa = PBXFileReference; lastKnownFileType = sourcecode.swift; path = HexagonParameters.swift; sourceTree = "<group>"; };
/* End PBXFileReference section */

/* Begin PBXFrameworksBuildPhase section */
		BF5430DE28D0373F00C43338 /* Frameworks */ = {
			isa = PBXFrameworksBuildPhase;
			buildActionMask = 2147483647;
			files = (
			);
			runOnlyForDeploymentPostprocessing = 0;
		};
/* End PBXFrameworksBuildPhase section */

/* Begin PBXGroup section */
		BF34BDA228D303F000F9236A /* Badges */ = {
			isa = PBXGroup;
			children = (
				BF9C216728D2C56E0037A08F /* HexagonParameters.swift */,
				BF34BD9A28D2E72B00F9236A /* BadgeBackground.swift */,
				BF34BD9C28D2F07800F9236A /* BadgeSymbol.swift */,
				BF34BD9E28D2F5C900F9236A /* RotatedBadgeSymbol.swift */,
				BF34BDA028D3027E00F9236A /* Badge.swift */,
			);
			path = Badges;
			sourceTree = "<group>";
		};
		BF34BDA728D3319100F9236A /* Hikes */ = {
			isa = PBXGroup;
			children = (
				BF34BDA828D3319100F9236A /* GraphCapsule.swift */,
				BF34BDA928D3319100F9236A /* HikeGraph.swift */,
				BF34BDAA28D3319100F9236A /* HikeDetail.swift */,
				BF34BDAB28D3319100F9236A /* HikeView.swift */,
				BF90036C28D45330002CA5C7 /* HikeBadge.swift */,
			);
			path = Hikes;
			sourceTree = "<group>";
		};
		BF5430D828D0373F00C43338 = {
			isa = PBXGroup;
			children = (
				BF5430E328D0373F00C43338 /* Landmarks */,
				BF5430E228D0373F00C43338 /* Products */,
			);
			sourceTree = "<group>";
		};
		BF5430E228D0373F00C43338 /* Products */ = {
			isa = PBXGroup;
			children = (
				BF5430E128D0373F00C43338 /* Landmarks.app */,
			);
			name = Products;
			sourceTree = "<group>";
		};
		BF5430E328D0373F00C43338 /* Landmarks */ = {
			isa = PBXGroup;
			children = (
				BF5430E428D0373F00C43338 /* LandmarksApp.swift */,
				BF9C213C28D15F0A0037A08F /* Views */,
				BF9C214328D15F0A0037A08F /* Model */,
				BF9C214628D15F0A0037A08F /* Resources */,
				BF5430E828D0374100C43338 /* Assets.xcassets */,
				BF5430EA28D0374100C43338 /* Preview Content */,
			);
			path = Landmarks;
			sourceTree = "<group>";
		};
		BF5430EA28D0374100C43338 /* Preview Content */ = {
			isa = PBXGroup;
			children = (
				BF5430EB28D0374100C43338 /* Preview Assets.xcassets */,
			);
			path = "Preview Content";
			sourceTree = "<group>";
		};
		BF90036528D450AC002CA5C7 /* Category */ = {
			isa = PBXGroup;
			children = (
				BF90035D28D445CC002CA5C7 /* CategoryHome.swift */,
				BF90035F28D44771002CA5C7 /* CategoryRow.swift */,
				BF90036128D448AA002CA5C7 /* CategoryItem.swift */,
			);
			path = Category;
			sourceTree = "<group>";
		};
		BF90037028D48178002CA5C7 /* Profile */ = {
			isa = PBXGroup;
			children = (
				BF90036828D451DA002CA5C7 /* ProfileHost.swift */,
				BF90036E28D47B78002CA5C7 /* ProfileEditor.swift */,
				BF90036A28D45232002CA5C7 /* ProfileSummary.swift */,
			);
			path = Profile;
			sourceTree = "<group>";
		};
		BF90037128D481D1002CA5C7 /* PageView */ = {
			isa = PBXGroup;
			children = (
				BF90037428D48208002CA5C7 /* PageViewController.swift */,
				BF90037828D48671002CA5C7 /* PageView.swift */,
			);
			path = PageView;
			sourceTree = "<group>";
		};
		BF9C213C28D15F0A0037A08F /* Views */ = {
			isa = PBXGroup;
			children = (
				BF5430E628D0373F00C43338 /* ContentView.swift */,
				BF34BDA228D303F000F9236A /* Badges */,
				BF90036528D450AC002CA5C7 /* Category */,
				BF9C215C28D1AA450037A08F /* Helpers */,
				BF34BDA728D3319100F9236A /* Hikes */,
				BF9C215B28D1AA340037A08F /* Landmarks */,
				BF90037128D481D1002CA5C7 /* PageView */,
				BF90037028D48178002CA5C7 /* Profile */,
				BF90037628D4842C002CA5C7 /* FeatureCard.swift */,
			);
			path = Views;
			sourceTree = "<group>";
		};
		BF9C214328D15F0A0037A08F /* Model */ = {
			isa = PBXGroup;
			children = (
				BF9C213A28D15D3B0037A08F /* ModelData.swift */,
				BF9C213828D052030037A08F /* Landmark.swift */,
				BF34BDA528D32E4A00F9236A /* Hike.swift */,
				BF90036628D451C3002CA5C7 /* Profile.swift */,
			);
			path = Model;
			sourceTree = "<group>";
		};
		BF9C214628D15F0A0037A08F /* Resources */ = {
			isa = PBXGroup;
			children = (
				BF9C214728D15F0A0037A08F /* landmarkData.json */,
				BF34BDA328D32E2600F9236A /* hikeData.json */,
			);
			path = Resources;
			sourceTree = "<group>";
		};
		BF9C215B28D1AA340037A08F /* Landmarks */ = {
			isa = PBXGroup;
			children = (
				BF9C215528D162170037A08F /* LandmarkList.swift */,
				BF9C215728D1630D0037A08F /* LandmarkDetail.swift */,
				BF9C215128D1604A0037A08F /* LandmarkRow.swift */,
			);
			path = Landmarks;
			sourceTree = "<group>";
		};
		BF9C215C28D1AA450037A08F /* Helpers */ = {
			isa = PBXGroup;
			children = (
				BF9C215928D1A99B0037A08F /* FavoriteButton.swift */,
				BF5430F228D03B3A00C43338 /* CircleImage.swift */,
				BF5430F628D0430800C43338 /* MapView.swift */,
			);
			path = Helpers;
			sourceTree = "<group>";
		};
/* End PBXGroup section */

/* Begin PBXNativeTarget section */
		BF5430E028D0373F00C43338 /* Landmarks */ = {
			isa = PBXNativeTarget;
			buildConfigurationList = BF5430EF28D0374100C43338 /* Build configuration list for PBXNativeTarget "Landmarks" */;
			buildPhases = (
				BF5430DD28D0373F00C43338 /* Sources */,
				BF5430DE28D0373F00C43338 /* Frameworks */,
				BF5430DF28D0373F00C43338 /* Resources */,
			);
			buildRules = (
			);
			dependencies = (
			);
			name = Landmarks;
			productName = Landmarks;
			productReference = BF5430E128D0373F00C43338 /* Landmarks.app */;
			productType = "com.apple.product-type.application";
		};
/* End PBXNativeTarget section */

/* Begin PBXProject section */
		BF5430D928D0373F00C43338 /* Project object */ = {
			isa = PBXProject;
			attributes = {
				BuildIndependentTargetsInParallel = 1;
				LastSwiftUpdateCheck = 1340;
				LastUpgradeCheck = 1340;
				TargetAttributes = {
					BF5430E028D0373F00C43338 = {
						CreatedOnToolsVersion = 13.4.1;
					};
				};
			};
			buildConfigurationList = BF5430DC28D0373F00C43338 /* Build configuration list for PBXProject "Landmarks" */;
			compatibilityVersion = "Xcode 13.0";
			developmentRegion = en;
			hasScannedForEncodings = 0;
			knownRegions = (
				en,
				Base,
			);
			mainGroup = BF5430D828D0373F00C43338;
			productRefGroup = BF5430E228D0373F00C43338 /* Products */;
			projectDirPath = "";
			projectRoot = "";
			targets = (
				BF5430E028D0373F00C43338 /* Landmarks */,
			);
		};
/* End PBXProject section */

/* Begin PBXResourcesBuildPhase section */
		BF5430DF28D0373F00C43338 /* Resources */ = {
			isa = PBXResourcesBuildPhase;
			buildActionMask = 2147483647;
			files = (
				BF34BDA428D32E2600F9236A /* hikeData.json in Resources */,
				BF5430EC28D0374100C43338 /* Preview Assets.xcassets in Resources */,
				BF9C215028D15F0A0037A08F /* landmarkData.json in Resources */,
				BF5430E928D0374100C43338 /* Assets.xcassets in Resources */,
			);
			runOnlyForDeploymentPostprocessing = 0;
		};
/* End PBXResourcesBuildPhase section */

/* Begin PBXSourcesBuildPhase section */
		BF5430DD28D0373F00C43338 /* Sources */ = {
			isa = PBXSourcesBuildPhase;
			buildActionMask = 2147483647;
			files = (
				BF90036028D44771002CA5C7 /* CategoryRow.swift in Sources */,
				BF90036728D451C3002CA5C7 /* Profile.swift in Sources */,
				BF5430E728D0373F00C43338 /* ContentView.swift in Sources */,
				BF90035E28D445CC002CA5C7 /* CategoryHome.swift in Sources */,
				BF90037728D4842C002CA5C7 /* FeatureCard.swift in Sources */,
				BF34BDAD28D3319100F9236A /* HikeGraph.swift in Sources */,
				BF34BDA128D3027E00F9236A /* Badge.swift in Sources */,
				BF5430F728D0430800C43338 /* MapView.swift in Sources */,
				BF34BDAC28D3319100F9236A /* GraphCapsule.swift in Sources */,
				BF5430E528D0373F00C43338 /* LandmarksApp.swift in Sources */,
				BF9C215A28D1A99B0037A08F /* FavoriteButton.swift in Sources */,
				BF90036228D448AA002CA5C7 /* CategoryItem.swift in Sources */,
				BF34BDAE28D3319100F9236A /* HikeDetail.swift in Sources */,
				BF90036B28D45232002CA5C7 /* ProfileSummary.swift in Sources */,
				BF9C216828D2C56E0037A08F /* HexagonParameters.swift in Sources */,
				BF90036928D451DA002CA5C7 /* ProfileHost.swift in Sources */,
				BF34BDA628D32E4A00F9236A /* Hike.swift in Sources */,
				BF34BD9F28D2F5C900F9236A /* RotatedBadgeSymbol.swift in Sources */,
				BF90037928D48671002CA5C7 /* PageView.swift in Sources */,
				BF34BD9D28D2F07800F9236A /* BadgeSymbol.swift in Sources */,
				BF90036F28D47B78002CA5C7 /* ProfileEditor.swift in Sources */,
				BF9C215628D162170037A08F /* LandmarkList.swift in Sources */,
				BF34BDAF28D3319100F9236A /* HikeView.swift in Sources */,
				BF9C215828D1630D0037A08F /* LandmarkDetail.swift in Sources */,
				BF90037528D48208002CA5C7 /* PageViewController.swift in Sources */,
				BF34BD9B28D2E72B00F9236A /* BadgeBackground.swift in Sources */,
				BF90036D28D45330002CA5C7 /* HikeBadge.swift in Sources */,
				BF5430F328D03B3A00C43338 /* CircleImage.swift in Sources */,
				BF9C213928D052030037A08F /* Landmark.swift in Sources */,
				BF9C215228D1604A0037A08F /* LandmarkRow.swift in Sources */,
				BF9C213B28D15D3B0037A08F /* ModelData.swift in Sources */,
			);
			runOnlyForDeploymentPostprocessing = 0;
		};
/* End PBXSourcesBuildPhase section */

/* Begin XCBuildConfiguration section */
		BF5430ED28D0374100C43338 /* Debug */ = {
			isa = XCBuildConfiguration;
			buildSettings = {
				ALWAYS_SEARCH_USER_PATHS = NO;
				CLANG_ANALYZER_NONNULL = YES;
				CLANG_ANALYZER_NUMBER_OBJECT_CONVERSION = YES_AGGRESSIVE;
				CLANG_CXX_LANGUAGE_STANDARD = "gnu++17";
				CLANG_ENABLE_MODULES = YES;
				CLANG_ENABLE_OBJC_ARC = YES;
				CLANG_ENABLE_OBJC_WEAK = YES;
				CLANG_WARN_BLOCK_CAPTURE_AUTORELEASING = YES;
				CLANG_WARN_BOOL_CONVERSION = YES;
				CLANG_WARN_COMMA = YES;
				CLANG_WARN_CONSTANT_CONVERSION = YES;
				CLANG_WARN_DEPRECATED_OBJC_IMPLEMENTATIONS = YES;
				CLANG_WARN_DIRECT_OBJC_ISA_USAGE = YES_ERROR;
				CLANG_WARN_DOCUMENTATION_COMMENTS = YES;
				CLANG_WARN_EMPTY_BODY = YES;
				CLANG_WARN_ENUM_CONVERSION = YES;
				CLANG_WARN_INFINITE_RECURSION = YES;
				CLANG_WARN_INT_CONVERSION = YES;
				CLANG_WARN_NON_LITERAL_NULL_CONVERSION = YES;
				CLANG_WARN_OBJC_IMPLICIT_RETAIN_SELF = YES;
				CLANG_WARN_OBJC_LITERAL_CONVERSION = YES;
				CLANG_WARN_OBJC_ROOT_CLASS = YES_ERROR;
				CLANG_WARN_QUOTED_INCLUDE_IN_FRAMEWORK_HEADER = YES;
				CLANG_WARN_RANGE_LOOP_ANALYSIS = YES;
				CLANG_WARN_STRICT_PROTOTYPES = YES;
				CLANG_WARN_SUSPICIOUS_MOVE = YES;
				CLANG_WARN_UNGUARDED_AVAILABILITY = YES_AGGRESSIVE;
				CLANG_WARN_UNREACHABLE_CODE = YES;
				CLANG_WARN__DUPLICATE_METHOD_MATCH = YES;
				COPY_PHASE_STRIP = NO;
				DEBUG_INFORMATION_FORMAT = dwarf;
				ENABLE_STRICT_OBJC_MSGSEND = YES;
				ENABLE_TESTABILITY = YES;
				GCC_C_LANGUAGE_STANDARD = gnu11;
				GCC_DYNAMIC_NO_PIC = NO;
				GCC_NO_COMMON_BLOCKS = YES;
				GCC_OPTIMIZATION_LEVEL = 0;
				GCC_PREPROCESSOR_DEFINITIONS = (
					"DEBUG=1",
					"$(inherited)",
				);
				GCC_WARN_64_TO_32_BIT_CONVERSION = YES;
				GCC_WARN_ABOUT_RETURN_TYPE = YES_ERROR;
				GCC_WARN_UNDECLARED_SELECTOR = YES;
				GCC_WARN_UNINITIALIZED_AUTOS = YES_AGGRESSIVE;
				GCC_WARN_UNUSED_FUNCTION = YES;
				GCC_WARN_UNUSED_VARIABLE = YES;
				IPHONEOS_DEPLOYMENT_TARGET = 15.5;
				MTL_ENABLE_DEBUG_INFO = INCLUDE_SOURCE;
				MTL_FAST_MATH = YES;
				ONLY_ACTIVE_ARCH = YES;
				SDKROOT = iphoneos;
				SWIFT_ACTIVE_COMPILATION_CONDITIONS = DEBUG;
				SWIFT_OPTIMIZATION_LEVEL = "-Onone";
			};
			name = Debug;
		};
		BF5430EE28D0374100C43338 /* Release */ = {
			isa = XCBuildConfiguration;
			buildSettings = {
				ALWAYS_SEARCH_USER_PATHS = NO;
				CLANG_ANALYZER_NONNULL = YES;
				CLANG_ANALYZER_NUMBER_OBJECT_CONVERSION = YES_AGGRESSIVE;
				CLANG_CXX_LANGUAGE_STANDARD = "gnu++17";
				CLANG_ENABLE_MODULES = YES;
				CLANG_ENABLE_OBJC_ARC = YES;
				CLANG_ENABLE_OBJC_WEAK = YES;
				CLANG_WARN_BLOCK_CAPTURE_AUTORELEASING = YES;
				CLANG_WARN_BOOL_CONVERSION = YES;
				CLANG_WARN_COMMA = YES;
				CLANG_WARN_CONSTANT_CONVERSION = YES;
				CLANG_WARN_DEPRECATED_OBJC_IMPLEMENTATIONS = YES;
				CLANG_WARN_DIRECT_OBJC_ISA_USAGE = YES_ERROR;
				CLANG_WARN_DOCUMENTATION_COMMENTS = YES;
				CLANG_WARN_EMPTY_BODY = YES;
				CLANG_WARN_ENUM_CONVERSION = YES;
				CLANG_WARN_INFINITE_RECURSION = YES;
				CLANG_WARN_INT_CONVERSION = YES;
				CLANG_WARN_NON_LITERAL_NULL_CONVERSION = YES;
				CLANG_WARN_OBJC_IMPLICIT_RETAIN_SELF = YES;
				CLANG_WARN_OBJC_LITERAL_CONVERSION = YES;
				CLANG_WARN_OBJC_ROOT_CLASS = YES_ERROR;
				CLANG_WARN_QUOTED_INCLUDE_IN_FRAMEWORK_HEADER = YES;
				CLANG_WARN_RANGE_LOOP_ANALYSIS = YES;
				CLANG_WARN_STRICT_PROTOTYPES = YES;
				CLANG_WARN_SUSPICIOUS_MOVE = YES;
				CLANG_WARN_UNGUARDED_AVAILABILITY = YES_AGGRESSIVE;
				CLANG_WARN_UNREACHABLE_CODE = YES;
				CLANG_WARN__DUPLICATE_METHOD_MATCH = YES;
				COPY_PHASE_STRIP = NO;
				DEBUG_INFORMATION_FORMAT = "dwarf-with-dsym";
				ENABLE_NS_ASSERTIONS = NO;
				ENABLE_STRICT_OBJC_MSGSEND = YES;
				GCC_C_LANGUAGE_STANDARD = gnu11;
				GCC_NO_COMMON_BLOCKS = YES;
				GCC_WARN_64_TO_32_BIT_CONVERSION = YES;
				GCC_WARN_ABOUT_RETURN_TYPE = YES_ERROR;
				GCC_WARN_UNDECLARED_SELECTOR = YES;
				GCC_WARN_UNINITIALIZED_AUTOS = YES_AGGRESSIVE;
				GCC_WARN_UNUSED_FUNCTION = YES;
				GCC_WARN_UNUSED_VARIABLE = YES;
				IPHONEOS_DEPLOYMENT_TARGET = 15.5;
				MTL_ENABLE_DEBUG_INFO = NO;
				MTL_FAST_MATH = YES;
				SDKROOT = iphoneos;
				SWIFT_COMPILATION_MODE = wholemodule;
				SWIFT_OPTIMIZATION_LEVEL = "-O";
				VALIDATE_PRODUCT = YES;
			};
			name = Release;
		};
		BF5430F028D0374100C43338 /* Debug */ = {
			isa = XCBuildConfiguration;
			buildSettings = {
				ASSETCATALOG_COMPILER_APPICON_NAME = AppIcon;
				ASSETCATALOG_COMPILER_GLOBAL_ACCENT_COLOR_NAME = AccentColor;
				CODE_SIGN_STYLE = Automatic;
				CURRENT_PROJECT_VERSION = 1;
				DEVELOPMENT_ASSET_PATHS = "\"Landmarks/Preview Content\"";
				DEVELOPMENT_TEAM = DD8VYBJ73D;
				ENABLE_PREVIEWS = YES;
				GENERATE_INFOPLIST_FILE = YES;
				INFOPLIST_KEY_UIApplicationSceneManifest_Generation = YES;
				INFOPLIST_KEY_UIApplicationSupportsIndirectInputEvents = YES;
				INFOPLIST_KEY_UILaunchScreen_Generation = YES;
				INFOPLIST_KEY_UISupportedInterfaceOrientations_iPad = "UIInterfaceOrientationPortrait UIInterfaceOrientationPortraitUpsideDown UIInterfaceOrientationLandscapeLeft UIInterfaceOrientationLandscapeRight";
				INFOPLIST_KEY_UISupportedInterfaceOrientations_iPhone = "UIInterfaceOrientationPortrait UIInterfaceOrientationLandscapeLeft UIInterfaceOrientationLandscapeRight";
				LD_RUNPATH_SEARCH_PATHS = (
					"$(inherited)",
					"@executable_path/Frameworks",
				);
				MARKETING_VERSION = 1.0;
				PRODUCT_BUNDLE_IDENTIFIER = academy.credo.Landmarks;
				PRODUCT_NAME = "$(TARGET_NAME)";
				SWIFT_EMIT_LOC_STRINGS = YES;
				SWIFT_VERSION = 5.0;
				TARGETED_DEVICE_FAMILY = "1,2";
			};
			name = Debug;
		};
		BF5430F128D0374100C43338 /* Release */ = {
			isa = XCBuildConfiguration;
			buildSettings = {
				ASSETCATALOG_COMPILER_APPICON_NAME = AppIcon;
				ASSETCATALOG_COMPILER_GLOBAL_ACCENT_COLOR_NAME = AccentColor;
				CODE_SIGN_STYLE = Automatic;
				CURRENT_PROJECT_VERSION = 1;
				DEVELOPMENT_ASSET_PATHS = "\"Landmarks/Preview Content\"";
				DEVELOPMENT_TEAM = DD8VYBJ73D;
				ENABLE_PREVIEWS = YES;
				GENERATE_INFOPLIST_FILE = YES;
				INFOPLIST_KEY_UIApplicationSceneManifest_Generation = YES;
				INFOPLIST_KEY_UIApplicationSupportsIndirectInputEvents = YES;
				INFOPLIST_KEY_UILaunchScreen_Generation = YES;
				INFOPLIST_KEY_UISupportedInterfaceOrientations_iPad = "UIInterfaceOrientationPortrait UIInterfaceOrientationPortraitUpsideDown UIInterfaceOrientationLandscapeLeft UIInterfaceOrientationLandscapeRight";
				INFOPLIST_KEY_UISupportedInterfaceOrientations_iPhone = "UIInterfaceOrientationPortrait UIInterfaceOrientationLandscapeLeft UIInterfaceOrientationLandscapeRight";
				LD_RUNPATH_SEARCH_PATHS = (
					"$(inherited)",
					"@executable_path/Frameworks",
				);
				MARKETING_VERSION = 1.0;
				PRODUCT_BUNDLE_IDENTIFIER = academy.credo.Landmarks;
				PRODUCT_NAME = "$(TARGET_NAME)";
				SWIFT_EMIT_LOC_STRINGS = YES;
				SWIFT_VERSION = 5.0;
				TARGETED_DEVICE_FAMILY = "1,2";
			};
			name = Release;
		};
/* End XCBuildConfiguration section */

/* Begin XCConfigurationList section */
		BF5430DC28D0373F00C43338 /* Build configuration list for PBXProject "Landmarks" */ = {
			isa = XCConfigurationList;
			buildConfigurations = (
				BF5430ED28D0374100C43338 /* Debug */,
				BF5430EE28D0374100C43338 /* Release */,
			);
			defaultConfigurationIsVisible = 0;
			defaultConfigurationName = Release;
		};
		BF5430EF28D0374100C43338 /* Build configuration list for PBXNativeTarget "Landmarks" */ = {
			isa = XCConfigurationList;
			buildConfigurations = (
				BF5430F028D0374100C43338 /* Debug */,
				BF5430F128D0374100C43338 /* Release */,
			);
			defaultConfigurationIsVisible = 0;
			defaultConfigurationName = Release;
		};
/* End XCConfigurationList section */
	};
	rootObject = BF5430D928D0373F00C43338 /* Project object */;
}
